
Microsoft Visual Studio Solution File, Format Version 12.00
# Visual Studio Version 16
VisualStudioVersion = 16.0.31613.86
MinimumVisualStudioVersion = 10.0.40219.1
Project("{FAE04EC0-301F-11D3-BF4B-00C04F79EFBC}") = "rs-content-based", "rs-content-based\rs-content-based.csproj", "{E3587857-9D68-448C-9B58-7FF6E44374F3}"
EndProject
Global
	GlobalSection(SolutionConfigurationPlatforms) = preSolution
		Debug|Any CPU = Debug|Any CPU
		Release|Any CPU = Release|Any CPU
	EndGlobalSection
	GlobalSection(ProjectConfigurationPlatforms) = postSolution
		{E3587857-9D68-448C-9B58-7FF6E44374F3}.Debug|Any CPU.ActiveCfg = Debug|Any CPU
		{E3587857-9D68-448C-9B58-7FF6E44374F3}.Debug|Any CPU.Build.0 = Debug|Any CPU
		{E3587857-9D68-448C-9B58-7FF6E44374F3}.Release|Any CPU.ActiveCfg = Release|Any CPU
		{E3587857-9D68-448C-9B58-7FF6E44374F3}.Release|Any CPU.Build.0 = Release|Any CPU
	EndGlobalSection
	GlobalSection(SolutionProperties) = preSolution
		HideSolutionNode = FALSE
	EndGlobalSection
	GlobalSection(ExtensibilityGlobals) = postSolution
		SolutionGuid = {6B527F1D-4BC6-47F1-B73D-321256195911}
	EndGlobalSection
EndGlobal
